github.com/yalue/onnxruntime_go v1.6.0 h1:3izk6ZF3ttxhSqP+cz0WxUjk96H8YeURp0ilP0kykmY=
github.com/yalue/onnxruntime_go v1.6.0/go.mod h1:b4X26A8pekNb1ACJ58wAXgNKeUCGEAQ9dmACut9Sm/4=
github.com/yalue/onnxruntime_go v1.12.0 h1:UtrSZOV9cY9j8ualjiakzRSn7H+bvu6QyCHAA3QwKns=
github.com/yalue/onnxruntime_go v1.12.0/go.mod h1:b4X26A8pekNb1ACJ58wAXgNKeUCGEAQ9dmACut9Sm/4=
github.com/yalue/onnxruntime_go v1.25.0 h1:nlhVau1BpLZ/BYr+WpPZCJRD/WES0qo6dK7aKyyAs3g=
github.com/yalue/onnxruntime_go v1.25.0/go.mod h1:b4X26A8pekNb1ACJ58wAXgNKeUCGEAQ9dmACut9Sm/4=
